// !$*UTF8*$!
{
	archiveVersion = 1;
	classes = {
	};
	objectVersion = 56;
	objects = {

/* Begin PBXBuildFile section */
		261C0B4A2EC208F800B50B01 /* iOSApp5App.swift in Sources */ = {isa = PBXBuildFile; fileRef = 261C0B492EC208F800B50B01 /* iOSApp5App.swift */; };
		261C0B4C2EC208F800B50B01 /* ContentView.swift in Sources */ = {isa = PBXBuildFile; fileRef = 261C0B4B2EC208F800B50B01 /* ContentView.swift */; };
		261C0B4E2EC208FC00B50B01 /* Assets.xcassets in Resources */ = {isa = PBXBuildFile; fileRef = 261C0B4D2EC208FC00B50B01 /* Assets.xcassets */; };
		261C0B512EC208FC00B50B01 /* Preview Assets.xcassets in Resources */ = {isa = PBXBuildFile; fileRef = 261C0B502EC208FC00B50B01 /* Preview Assets.xcassets */; };
		261C0B5B2EC208FC00B50B01 /* iOSApp5Tests.swift in Sources */ = {isa = PBXBuildFile; fileRef = 261C0B5A2EC208FC00B50B01 /* iOSApp5Tests.swift */; };
		261C0B652EC208FC00B50B01 /* iOSApp5UITests.swift in Sources */ = {isa = PBXBuildFile; fileRef = 261C0B642EC208FC00B50B01 /* iOSApp5UITests.swift */; };
		261C0B672EC208FC00B50B01 /* iOSApp5UITestsLaunchTests.swift in Sources */ = {isa = PBXBuildFile; fileRef = 261C0B662EC208FC00B50B01 /* iOSApp5UITestsLaunchTests.swift */; };
/* End PBXBuildFile section */

/* Begin PBXContainerItemProxy section */
		261C0B572EC208FC00B50B01 /* PBXContainerItemProxy */ = {
			isa = PBXContainerItemProxy;
			containerPortal = 261C0B3E2EC208F800B50B01 /* Project object */;
			proxyType = 1;
			remoteGlobalIDString = 261C0B452EC208F800B50B01;
			remoteInfo = iOSApp5;
		};
		261C0B612EC208FC00B50B01 /* PBXContainerItemProxy */ = {
			isa = PBXContainerItemProxy;
			containerPortal = 261C0B3E2EC208F800B50B01 /* Project object */;
			proxyType = 1;
			remoteGlobalIDString = 261C0B452EC208F800B50B01;
			remoteInfo = iOSApp5;
		};
/* End PBXContainerItemProxy section */

/* Begin PBXFileReference section */
		261C0B462EC208F800B50B01 /* iOSApp5.app */ = {isa = PBXFileReference; explicitFileType = wrapper.application; includeInIndex = 0; path = iOSApp5.app; sourceTree = BUILT_PRODUCTS_DIR; };
		261C0B492EC208F800B50B01 /* iOSApp5App.swift */ = {isa = PBXFileReference; lastKnownFileType = sourcecode.swift; path = iOSApp5App.swift; sourceTree = "<group>"; };
		261C0B4B2EC208F800B50B01 /* ContentView.swift */ = {isa = PBXFileReference; lastKnownFileType = sourcecode.swift; path = ContentView.swift; sourceTree = "<group>"; };
		261C0B4D2EC208FC00B50B01 /* Assets.xcassets */ = {isa = PBXFileReference; lastKnownFileType = folder.assetcatalog; path = Assets.xcassets; sourceTree = "<group>"; };
		261C0B502EC208FC00B50B01 /* Preview Assets.xcassets */ = {isa = PBXFileReference; lastKnownFileType = folder.assetcatalog; path = "Preview Assets.xcassets"; sourceTree = "<group>"; };
		261C0B562EC208FC00B50B01 /* iOSApp5Tests.xctest */ = {isa = PBXFileReference; explicitFileType = wrapper.cfbundle; includeInIndex = 0; path = iOSApp5Tests.xctest; sourceTree = BUILT_PRODUCTS_DIR; };
		261C0B5A2EC208FC00B50B01 /* iOSApp5Tests.swift */ = {isa = PBXFileReference; lastKnownFileType = sourcecode.swift; path = iOSApp5Tests.swift; sourceTree = "<group>"; };
		261C0B602EC208FC00B50B01 /* iOSApp5UITests.xctest */ = {isa = PBXFileReference; explicitFileType = wrapper.cfbundle; includeInIndex = 0; path = iOSApp5UITests.xctest; sourceTree = BUILT_PRODUCTS_DIR; };
		261C0B642EC208FC00B50B01 /* iOSApp5UITests.swift */ = {isa = PBXFileReference; lastKnownFileType = sourcecode.swift; path = iOSApp5UITests.swift; sourceTree = "<group>"; };
		261C0B662EC208FC00B50B01 /* iOSApp5UITestsLaunchTests.swift */ = {isa = PBXFileReference; lastKnownFileType = sourcecode.swift; path = iOSApp5UITestsLaunchTests.swift; sourceTree = "<group>"; };
/* End PBXFileReference section */

/* Begin PBXFrameworksBuildPhase section */
		261C0B432EC208F800B50B01 /* Frameworks */ = {
			isa = PBXFrameworksBuildPhase;
			buildActionMask = 2147483647;
			files = (
			);
			runOnlyForDeploymentPostprocessing = 0;
		};
		261C0B532EC208FC00B50B01 /* Frameworks */ = {
			isa = PBXFrameworksBuildPhase;
			buildActionMask = 2147483647;
			files = (
			);
			runOnlyForDeploymentPostprocessing = 0;
		};
		261C0B5D2EC208FC00B50B01 /* Frameworks */ = {
			isa = PBXFrameworksBuildPhase;
			buildActionMask = 2147483647;
			files = (
			);
			runOnlyForDeploymentPostprocessing = 0;
		};
/* End PBXFrameworksBuildPhase section */

/* Begin PBXGroup section */
		261C0B3D2EC208F800B50B01 = {
			isa = PBXGroup;
			children = (
				261C0B482EC208F800B50B01 /* iOSApp5 */,
				261C0B592EC208FC00B50B01 /* iOSApp5Tests */,
				261C0B632EC208FC00B50B01 /* iOSApp5UITests */,
				261C0B472EC208F800B50B01 /* Products */,
			);
			sourceTree = "<group>";
		};
		261C0B472EC208F800B50B01 /* Products */ = {
			isa = PBXGroup;
			children = (
				261C0B462EC208F800B50B01 /* iOSApp5.app */,
				261C0B562EC208FC00B50B01 /* iOSApp5Tests.xctest */,
				261C0B602EC208FC00B50B01 /* iOSApp5UITests.xctest */,
			);
			name = Products;
			sourceTree = "<group>";
		};
		261C0B482EC208F800B50B01 /* iOSApp5 */ = {
			isa = PBXGroup;
			children = (
				261C0B492EC208F800B50B01 /* iOSApp5App.swift */,
				261C0B4B2EC208F800B50B01 /* ContentView.swift */,
				261C0B4D2EC208FC00B50B01 /* Assets.xcassets */,
				261C0B4F2EC208FC00B50B01 /* Preview Content */,
			);
			path = iOSApp5;
			sourceTree = "<group>";
		};
		261C0B4F2EC208FC00B50B01 /* Preview Content */ = {
			isa = PBXGroup;
			children = (
				261C0B502EC208FC00B50B01 /* Preview Assets.xcassets */,
			);
			path = "Preview Content";
			sourceTree = "<group>";
		};
		261C0B592EC208FC00B50B01 /* iOSApp5Tests */ = {
			isa = PBXGroup;
			children = (
				261C0B5A2EC208FC00B50B01 /* iOSApp5Tests.swift */,
			);
			path = iOSApp5Tests;
			sourceTree = "<group>";
		};
		261C0B632EC208FC00B50B01 /* iOSApp5UITests */ = {
			isa = PBXGroup;
			children = (
				261C0B642EC208FC00B50B01 /* iOSApp5UITests.swift */,
				261C0B662EC208FC00B50B01 /* iOSApp5UITestsLaunchTests.swift */,
			);
			path = iOSApp5UITests;
			sourceTree = "<group>";
		};
/* End PBXGroup section */

/* Begin PBXNativeTarget section */
		261C0B452EC208F800B50B01 /* iOSApp5 */ = {
			isa = PBXNativeTarget;
			buildConfigurationList = 261C0B6A2EC208FC00B50B01 /* Build configuration list for PBXNativeTarget "iOSApp5" */;
			buildPhases = (
				261C0B422EC208F800B50B01 /* Sources */,
				261C0B432EC208F800B50B01 /* Frameworks */,
				261C0B442EC208F800B50B01 /* Resources */,
			);
			buildRules = (
			);
			dependencies = (
			);
			name = iOSApp5;
			productName = iOSApp5;
			productReference = 261C0B462EC208F800B50B01 /* iOSApp5.app */;
			productType = "com.apple.product-type.application";
		};
		261C0B552EC208FC00B50B01 /* iOSApp5Tests */ = {
			isa = PBXNativeTarget;
			buildConfigurationList = 261C0B6D2EC208FC00B50B01 /* Build configuration list for PBXNativeTarget "iOSApp5Tests" */;
			buildPhases = (
				261C0B522EC208FC00B50B01 /* Sources */,
				261C0B532EC208FC00B50B01 /* Frameworks */,
				261C0B542EC208FC00B50B01 /* Resources */,
			);
			buildRules = (
			);
			dependencies = (
				261C0B582EC208FC00B50B01 /* PBXTargetDependency */,
			);
			name = iOSApp5Tests;
			productName = iOSApp5Tests;
			productReference = 261C0B562EC208FC00B50B01 /* iOSApp5Tests.xctest */;
			productType = "com.apple.product-type.bundle.unit-test";
		};
		261C0B5F2EC208FC00B50B01 /* iOSApp5UITests */ = {
			isa = PBXNativeTarget;
			buildConfigurationList = 261C0B702EC208FC00B50B01 /* Build configuration list for PBXNativeTarget "iOSApp5UITests" */;
			buildPhases = (
				261C0B5C2EC208FC00B50B01 /* Sources */,
				261C0B5D2EC208FC00B50B01 /* Frameworks */,
				261C0B5E2EC208FC00B50B01 /* Resources */,
			);
			buildRules = (
			);
			dependencies = (
				261C0B622EC208FC00B50B01 /* PBXTargetDependency */,
			);
			name = iOSApp5UITests;
			productName = iOSApp5UITests;
			productReference = 261C0B602EC208FC00B50B01 /* iOSApp5UITests.xctest */;
			productType = "com.apple.product-type.bundle.ui-testing";
		};
/* End PBXNativeTarget section */

/* Begin PBXProject section */
		261C0B3E2EC208F800B50B01 /* Project object */ = {
			isa = PBXProject;
			attributes = {
				BuildIndependentTargetsInParallel = 1;
				LastSwiftUpdateCheck = 1430;
				LastUpgradeCheck = 1430;
				TargetAttributes = {
					261C0B452EC208F800B50B01 = {
						CreatedOnToolsVersion = 14.3.1;
					};
					261C0B552EC208FC00B50B01 = {
						CreatedOnToolsVersion = 14.3.1;
						TestTargetID = 261C0B452EC208F800B50B01;
					};
					261C0B5F2EC208FC00B50B01 = {
						CreatedOnToolsVersion = 14.3.1;
						TestTargetID = 261C0B452EC208F800B50B01;
					};
				};
			};
			buildConfigurationList = 261C0B412EC208F800B50B01 /* Build configuration list for PBXProject "iOSApp5" */;
			compatibilityVersion = "Xcode 14.0";
			developmentRegion = en;
			hasScannedForEncodings = 0;
			knownRegions = (
				en,
				Base,
			);
			mainGroup = 261C0B3D2EC208F800B50B01;
			productRefGroup = 261C0B472EC208F800B50B01 /* Products */;
			projectDirPath = "";
			projectRoot = "";
			targets = (
				261C0B452EC208F800B50B01 /* iOSApp5 */,
				261C0B552EC208FC00B50B01 /* iOSApp5Tests */,
				261C0B5F2EC208FC00B50B01 /* iOSApp5UITests */,
			);
		};
/* End PBXProject section */

/* Begin PBXResourcesBuildPhase section */
		261C0B442EC208F800B50B01 /* Resources */ = {
			isa = PBXResourcesBuildPhase;
			buildActionMask = 2147483647;
			files = (
				261C0B512EC208FC00B50B01 /* Preview Assets.xcassets in Resources */,
				261C0B4E2EC208FC00B50B01 /* Assets.xcassets in Resources */,
			);
			runOnlyForDeploymentPostprocessing = 0;
		};
		261C0B542EC208FC00B50B01 /* Resources */ = {
			isa = PBXResourcesBuildPhase;
			buildActionMask = 2147483647;
			files = (
			);
			runOnlyForDeploymentPostprocessing = 0;
		};
		261C0B5E2EC208FC00B50B01 /* Resources */ = {
			isa = PBXResourcesBuildPhase;
			buildActionMask = 2147483647;
			files = (
			);
			runOnlyForDeploymentPostprocessing = 0;
		};
/* End PBXResourcesBuildPhase section */

/* Begin PBXSourcesBuildPhase section */
		261C0B422EC208F800B50B01 /* Sources */ = {
			isa = PBXSourcesBuildPhase;
			buildActionMask = 2147483647;
			files = (
				261C0B4C2EC208F800B50B01 /* ContentView.swift in Sources */,
				261C0B4A2EC208F800B50B01 /* iOSApp5App.swift in Sources */,
			);
			runOnlyForDeploymentPostprocessing = 0;
		};
		261C0B522EC208FC00B50B01 /* Sources */ = {
			isa = PBXSourcesBuildPhase;
			buildActionMask = 2147483647;
			files = (
				261C0B5B2EC208FC00B50B01 /* iOSApp5Tests.swift in Sources */,
			);
			runOnlyForDeploymentPostprocessing = 0;
		};
		261C0B5C2EC208FC00B50B01 /* Sources */ = {
			isa = PBXSourcesBuildPhase;
			buildActionMask = 2147483647;
			files = (
				261C0B672EC208FC00B50B01 /* iOSApp5UITestsLaunchTests.swift in Sources */,
				261C0B652EC208FC00B50B01 /* iOSApp5UITests.swift in Sources */,
			);
			runOnlyForDeploymentPostprocessing = 0;
		};
/* End PBXSourcesBuildPhase section */

/* Begin PBXTargetDependency section */
		261C0B582EC208FC00B50B01 /* PBXTargetDependency */ = {
			isa = PBXTargetDependency;
			target = 261C0B452EC208F800B50B01 /* iOSApp5 */;
			targetProxy = 261C0B572EC208FC00B50B01 /* PBXContainerItemProxy */;
		};
		261C0B622EC208FC00B50B01 /* PBXTargetDependency */ = {
			isa = PBXTargetDependency;
			target = 261C0B452EC208F800B50B01 /* iOSApp5 */;
			targetProxy = 261C0B612EC208FC00B50B01 /* PBXContainerItemProxy */;
		};
/* End PBXTargetDependency section */

/* Begin XCBuildConfiguration section */
		261C0B682EC208FC00B50B01 /* Debug */ = {
			isa = XCBuildConfiguration;
			buildSettings = {
				ALWAYS_SEARCH_USER_PATHS = NO;
				CLANG_ANALYZER_NONNULL = YES;
				CLANG_ANALYZER_NUMBER_OBJECT_CONVERSION = YES_AGGRESSIVE;
				CLANG_CXX_LANGUAGE_STANDARD = "gnu++20";
				CLANG_ENABLE_MODULES = YES;
				CLANG_ENABLE_OBJC_ARC = YES;
				CLANG_ENABLE_OBJC_WEAK = YES;
				CLANG_WARN_BLOCK_CAPTURE_AUTORELEASING = YES;
				CLANG_WARN_BOOL_CONVERSION = YES;
				CLANG_WARN_COMMA = YES;
				CLANG_WARN_CONSTANT_CONVERSION = YES;
				CLANG_WARN_DEPRECATED_OBJC_IMPLEMENTATIONS = YES;
				CLANG_WARN_DIRECT_OBJC_ISA_USAGE = YES_ERROR;
				CLANG_WARN_DOCUMENTATION_COMMENTS = YES;
				CLANG_WARN_EMPTY_BODY = YES;
				CLANG_WARN_ENUM_CONVERSION = YES;
				CLANG_WARN_INFINITE_RECURSION = YES;
				CLANG_WARN_INT_CONVERSION = YES;
				CLANG_WARN_NON_LITERAL_NULL_CONVERSION = YES;
				CLANG_WARN_OBJC_IMPLICIT_RETAIN_SELF = YES;
				CLANG_WARN_OBJC_LITERAL_CONVERSION = YES;
				CLANG_WARN_OBJC_ROOT_CLASS = YES_ERROR;
				CLANG_WARN_QUOTED_INCLUDE_IN_FRAMEWORK_HEADER = YES;
				CLANG_WARN_RANGE_LOOP_ANALYSIS = YES;
				CLANG_WARN_STRICT_PROTOTYPES = YES;
				CLANG_WARN_SUSPICIOUS_MOVE = YES;
				CLANG_WARN_UNGUARDED_AVAILABILITY = YES_AGGRESSIVE;
				CLANG_WARN_UNREACHABLE_CODE = YES;
				CLANG_WARN__DUPLICATE_METHOD_MATCH = YES;
				COPY_PHASE_STRIP = NO;
				DEBUG_INFORMATION_FORMAT = dwarf;
				ENABLE_STRICT_OBJC_MSGSEND = YES;
				ENABLE_TESTABILITY = YES;
				GCC_C_LANGUAGE_STANDARD = gnu11;
				GCC_DYNAMIC_NO_PIC = NO;
				GCC_NO_COMMON_BLOCKS = YES;
				GCC_OPTIMIZATION_LEVEL = 0;
				GCC_PREPROCESSOR_DEFINITIONS = (
					"DEBUG=1",
					"$(inherited)",
				);
				GCC_WARN_64_TO_32_BIT_CONVERSION = YES;
				GCC_WARN_ABOUT_RETURN_TYPE = YES_ERROR;
				GCC_WARN_UNDECLARED_SELECTOR = YES;
				GCC_WARN_UNINITIALIZED_AUTOS = YES_AGGRESSIVE;
				GCC_WARN_UNUSED_FUNCTION = YES;
				GCC_WARN_UNUSED_VARIABLE = YES;
				IPHONEOS_DEPLOYMENT_TARGET = 16.4;
				MTL_ENABLE_DEBUG_INFO = INCLUDE_SOURCE;
				MTL_FAST_MATH = YES;
				ONLY_ACTIVE_ARCH = YES;
				SDKROOT = iphoneos;
				SWIFT_ACTIVE_COMPILATION_CONDITIONS = DEBUG;
				SWIFT_OPTIMIZATION_LEVEL = "-Onone";
			};
			name = Debug;
		};
		261C0B692EC208FC00B50B01 /* Release */ = {
			isa = XCBuildConfiguration;
			buildSettings = {
				ALWAYS_SEARCH_USER_PATHS = NO;
				CLANG_ANALYZER_NONNULL = YES;
				CLANG_ANALYZER_NUMBER_OBJECT_CONVERSION = YES_AGGRESSIVE;
				CLANG_CXX_LANGUAGE_STANDARD = "gnu++20";
				CLANG_ENABLE_MODULES = YES;
				CLANG_ENABLE_OBJC_ARC = YES;
				CLANG_ENABLE_OBJC_WEAK = YES;
				CLANG_WARN_BLOCK_CAPTURE_AUTORELEASING = YES;
				CLANG_WARN_BOOL_CONVERSION = YES;
				CLANG_WARN_COMMA = YES;
				CLANG_WARN_CONSTANT_CONVERSION = YES;
				CLANG_WARN_DEPRECATED_OBJC_IMPLEMENTATIONS = YES;
				CLANG_WARN_DIRECT_OBJC_ISA_USAGE = YES_ERROR;
				CLANG_WARN_DOCUMENTATION_COMMENTS = YES;
				CLANG_WARN_EMPTY_BODY = YES;
				CLANG_WARN_ENUM_CONVERSION = YES;
				CLANG_WARN_INFINITE_RECURSION = YES;
				CLANG_WARN_INT_CONVERSION = YES;
				CLANG_WARN_NON_LITERAL_NULL_CONVERSION = YES;
				CLANG_WARN_OBJC_IMPLICIT_RETAIN_SELF = YES;
				CLANG_WARN_OBJC_LITERAL_CONVERSION = YES;
				CLANG_WARN_OBJC_ROOT_CLASS = YES_ERROR;
				CLANG_WARN_QUOTED_INCLUDE_IN_FRAMEWORK_HEADER = YES;
				CLANG_WARN_RANGE_LOOP_ANALYSIS = YES;
				CLANG_WARN_STRICT_PROTOTYPES = YES;
				CLANG_WARN_SUSPICIOUS_MOVE = YES;
				CLANG_WARN_UNGUARDED_AVAILABILITY = YES_AGGRESSIVE;
				CLANG_WARN_UNREACHABLE_CODE = YES;
				CLANG_WARN__DUPLICATE_METHOD_MATCH = YES;
				COPY_PHASE_STRIP = NO;
				DEBUG_INFORMATION_FORMAT = "dwarf-with-dsym";
				ENABLE_NS_ASSERTIONS = NO;
				ENABLE_STRICT_OBJC_MSGSEND = YES;
				GCC_C_LANGUAGE_STANDARD = gnu11;
				GCC_NO_COMMON_BLOCKS = YES;
				GCC_WARN_64_TO_32_BIT_CONVERSION = YES;
				GCC_WARN_ABOUT_RETURN_TYPE = YES_ERROR;
				GCC_WARN_UNDECLARED_SELECTOR = YES;
				GCC_WARN_UNINITIALIZED_AUTOS = YES_AGGRESSIVE;
				GCC_WARN_UNUSED_FUNCTION = YES;
				GCC_WARN_UNUSED_VARIABLE = YES;
				IPHONEOS_DEPLOYMENT_TARGET = 16.4;
				MTL_ENABLE_DEBUG_INFO = NO;
				MTL_FAST_MATH = YES;
				SDKROOT = iphoneos;
				SWIFT_COMPILATION_MODE = wholemodule;
				SWIFT_OPTIMIZATION_LEVEL = "-O";
				VALIDATE_PRODUCT = YES;
			};
			name = Release;
		};
		261C0B6B2EC208FC00B50B01 /* Debug */ = {
			isa = XCBuildConfiguration;
			buildSettings = {
				ASSETCATALOG_COMPILER_APPICON_NAME = AppIcon;
				ASSETCATALOG_COMPILER_GLOBAL_ACCENT_COLOR_NAME = AccentColor;
				CODE_SIGN_STYLE = Automatic;
				CURRENT_PROJECT_VERSION = 1;
				DEVELOPMENT_ASSET_PATHS = "\"iOSApp5/Preview Content\"";
				ENABLE_PREVIEWS = YES;
				GENERATE_INFOPLIST_FILE = YES;
				INFOPLIST_KEY_UIApplicationSceneManifest_Generation = YES;
				INFOPLIST_KEY_UIApplicationSupportsIndirectInputEvents = YES;
				INFOPLIST_KEY_UILaunchScreen_Generation = YES;
				INFOPLIST_KEY_UISupportedInterfaceOrientations_iPad = "UIInterfaceOrientationPortrait UIInterfaceOrientationPortraitUpsideDown UIInterfaceOrientationLandscapeLeft UIInterfaceOrientationLandscapeRight";
				INFOPLIST_KEY_UISupportedInterfaceOrientations_iPhone = "UIInterfaceOrientationPortrait UIInterfaceOrientationLandscapeLeft UIInterfaceOrientationLandscapeRight";
				LD_RUNPATH_SEARCH_PATHS = (
					"$(inherited)",
					"@executable_path/Frameworks",
				);
				MARKETING_VERSION = 1.0;
				PRODUCT_BUNDLE_IDENTIFIER = com.my.iOSApp4.iOSApp5;
				PRODUCT_NAME = "$(TARGET_NAME)";
				SWIFT_EMIT_LOC_STRINGS = YES;
				SWIFT_VERSION = 5.0;
				TARGETED_DEVICE_FAMILY = "1,2";
			};
			name = Debug;
		};
		261C0B6C2EC208FC00B50B01 /* Release */ = {
			isa = XCBuildConfiguration;
			buildSettings = {
				ASSETCATALOG_COMPILER_APPICON_NAME = AppIcon;
				ASSETCATALOG_COMPILER_GLOBAL_ACCENT_COLOR_NAME = AccentColor;
				CODE_SIGN_STYLE = Automatic;
				CURRENT_PROJECT_VERSION = 1;
				DEVELOPMENT_ASSET_PATHS = "\"iOSApp5/Preview Content\"";
				ENABLE_PREVIEWS = YES;
				GENERATE_INFOPLIST_FILE = YES;
				INFOPLIST_KEY_UIApplicationSceneManifest_Generation = YES;
				INFOPLIST_KEY_UIApplicationSupportsIndirectInputEvents = YES;
				INFOPLIST_KEY_UILaunchScreen_Generation = YES;
				INFOPLIST_KEY_UISupportedInterfaceOrientations_iPad = "UIInterfaceOrientationPortrait UIInterfaceOrientationPortraitUpsideDown UIInterfaceOrientationLandscapeLeft UIInterfaceOrientationLandscapeRight";
				INFOPLIST_KEY_UISupportedInterfaceOrientations_iPhone = "UIInterfaceOrientationPortrait UIInterfaceOrientationLandscapeLeft UIInterfaceOrientationLandscapeRight";
				LD_RUNPATH_SEARCH_PATHS = (
					"$(inherited)",
					"@executable_path/Frameworks",
				);
				MARKETING_VERSION = 1.0;
				PRODUCT_BUNDLE_IDENTIFIER = com.my.iOSApp4.iOSApp5;
				PRODUCT_NAME = "$(TARGET_NAME)";
				SWIFT_EMIT_LOC_STRINGS = YES;
				SWIFT_VERSION = 5.0;
				TARGETED_DEVICE_FAMILY = "1,2";
			};
			name = Release;
		};
		261C0B6E2EC208FC00B50B01 /* Debug */ = {
			isa = XCBuildConfiguration;
			buildSettings = {
				ALWAYS_EMBED_SWIFT_STANDARD_LIBRARIES = YES;
				BUNDLE_LOADER = "$(TEST_HOST)";
				CODE_SIGN_STYLE = Automatic;
				CURRENT_PROJECT_VERSION = 1;
				GENERATE_INFOPLIST_FILE = YES;
				IPHONEOS_DEPLOYMENT_TARGET = 16.4;
				MARKETING_VERSION = 1.0;
				PRODUCT_BUNDLE_IDENTIFIER = com.my.iOSApp4.iOSApp5Tests;
				PRODUCT_NAME = "$(TARGET_NAME)";
				SWIFT_EMIT_LOC_STRINGS = NO;
				SWIFT_VERSION = 5.0;
				TARGETED_DEVICE_FAMILY = "1,2";
				TEST_HOST = "$(BUILT_PRODUCTS_DIR)/iOSApp5.app/$(BUNDLE_EXECUTABLE_FOLDER_PATH)/iOSApp5";
			};
			name = Debug;
		};
		261C0B6F2EC208FC00B50B01 /* Release */ = {
			isa = XCBuildConfiguration;
			buildSettings = {
				ALWAYS_EMBED_SWIFT_STANDARD_LIBRARIES = YES;
				BUNDLE_LOADER = "$(TEST_HOST)";
				CODE_SIGN_STYLE = Automatic;
				CURRENT_PROJECT_VERSION = 1;
				GENERATE_INFOPLIST_FILE = YES;
				IPHONEOS_DEPLOYMENT_TARGET = 16.4;
				MARKETING_VERSION = 1.0;
				PRODUCT_BUNDLE_IDENTIFIER = com.my.iOSApp4.iOSApp5Tests;
				PRODUCT_NAME = "$(TARGET_NAME)";
				SWIFT_EMIT_LOC_STRINGS = NO;
				SWIFT_VERSION = 5.0;
				TARGETED_DEVICE_FAMILY = "1,2";
				TEST_HOST = "$(BUILT_PRODUCTS_DIR)/iOSApp5.app/$(BUNDLE_EXECUTABLE_FOLDER_PATH)/iOSApp5";
			};
			name = Release;
		};
		261C0B712EC208FC00B50B01 /* Debug */ = {
			isa = XCBuildConfiguration;
			buildSettings = {
				ALWAYS_EMBED_SWIFT_STANDARD_LIBRARIES = YES;
				CODE_SIGN_STYLE = Automatic;
				CURRENT_PROJECT_VERSION = 1;
				GENERATE_INFOPLIST_FILE = YES;
				MARKETING_VERSION = 1.0;
				PRODUCT_BUNDLE_IDENTIFIER = com.my.iOSApp4.iOSApp5UITests;
				PRODUCT_NAME = "$(TARGET_NAME)";
				SWIFT_EMIT_LOC_STRINGS = NO;
				SWIFT_VERSION = 5.0;
				TARGETED_DEVICE_FAMILY = "1,2";
				TEST_TARGET_NAME = iOSApp5;
			};
			name = Debug;
		};
		261C0B722EC208FC00B50B01 /* Release */ = {
			isa = XCBuildConfiguration;
			buildSettings = {
				ALWAYS_EMBED_SWIFT_STANDARD_LIBRARIES = YES;
				CODE_SIGN_STYLE = Automatic;
				CURRENT_PROJECT_VERSION = 1;
				GENERATE_INFOPLIST_FILE = YES;
				MARKETING_VERSION = 1.0;
				PRODUCT_BUNDLE_IDENTIFIER = com.my.iOSApp4.iOSApp5UITests;
				PRODUCT_NAME = "$(TARGET_NAME)";
				SWIFT_EMIT_LOC_STRINGS = NO;
				SWIFT_VERSION = 5.0;
				TARGETED_DEVICE_FAMILY = "1,2";
				TEST_TARGET_NAME = iOSApp5;
			};
			name = Release;
		};
/* End XCBuildConfiguration section */

/* Begin XCConfigurationList section */
		261C0B412EC208F800B50B01 /* Build configuration list for PBXProject "iOSApp5" */ = {
			isa = XCConfigurationList;
			buildConfigurations = (
				261C0B682EC208FC00B50B01 /* Debug */,
				261C0B692EC208FC00B50B01 /* Release */,
			);
			defaultConfigurationIsVisible = 0;
			defaultConfigurationName = Release;
		};
		261C0B6A2EC208FC00B50B01 /* Build configuration list for PBXNativeTarget "iOSApp5" */ = {
			isa = XCConfigurationList;
			buildConfigurations = (
				261C0B6B2EC208FC00B50B01 /* Debug */,
				261C0B6C2EC208FC00B50B01 /* Release */,
			);
			defaultConfigurationIsVisible = 0;
			defaultConfigurationName = Release;
		};
		261C0B6D2EC208FC00B50B01 /* Build configuration list for PBXNativeTarget "iOSApp5Tests" */ = {
			isa = XCConfigurationList;
			buildConfigurations = (
				261C0B6E2EC208FC00B50B01 /* Debug */,
				261C0B6F2EC208FC00B50B01 /* Release */,
			);
			defaultConfigurationIsVisible = 0;
			defaultConfigurationName = Release;
		};
		261C0B702EC208FC00B50B01 /* Build configuration list for PBXNativeTarget "iOSApp5UITests" */ = {
			isa = XCConfigurationList;
			buildConfigurations = (
				261C0B712EC208FC00B50B01 /* Debug */,
				261C0B722EC208FC00B50B01 /* Release */,
			);
			defaultConfigurationIsVisible = 0;
			defaultConfigurationName = Release;
		};
/* End XCConfigurationList section */
	};
	rootObject = 261C0B3E2EC208F800B50B01 /* Project object */;
}
